
Microsoft Visual Studio Solution File, Format Version 12.00
# Visual Studio Version 17
VisualStudioVersion = 17.4.33213.308
MinimumVisualStudioVersion = 10.0.40219.1
Project("{FAE04EC0-301F-11D3-BF4B-00C04F79EFBC}") = "GestionDeTareas.API", "GestionDeTareas.API\GestionDeTareas.API.csproj", "{7D373E5B-94AE-44AB-869C-AB6313CE389E}"
EndProject
Global
	GlobalSection(SolutionConfigurationPlatforms) = preSolution
		Debug|Any CPU = Debug|Any CPU
		Release|Any CPU = Release|Any CPU
	EndGlobalSection
	GlobalSection(ProjectConfigurationPlatforms) = postSolution
		{7D373E5B-94AE-44AB-869C-AB6313CE389E}.Debug|Any CPU.ActiveCfg = Debug|Any CPU
		{7D373E5B-94AE-44AB-869C-AB6313CE389E}.Debug|Any CPU.Build.0 = Debug|Any CPU
		{7D373E5B-94AE-44AB-869C-AB6313CE389E}.Release|Any CPU.ActiveCfg = Release|Any CPU
		{7D373E5B-94AE-44AB-869C-AB6313CE389E}.Release|Any CPU.Build.0 = Release|Any CPU
	EndGlobalSection
	GlobalSection(SolutionProperties) = preSolution
		HideSolutionNode = FALSE
	EndGlobalSection
	GlobalSection(ExtensibilityGlobals) = postSolution
		SolutionGuid = {1659537E-EC5A-46E5-9A5A-32323F8F02D3}
	EndGlobalSection
EndGlobal
